
Microsoft Visual Studio Solution File, Format Version 12.00
# Visual Studio Version 17
VisualStudioVersion = 17.11.35222.181
MinimumVisualStudioVersion = 10.0.40219.1
Project("{FAE04EC0-301F-11D3-BF4B-00C04F79EFBC}") = "Module4", "Module4.csproj", "{ABA87F0D-8D29-48CC-8D51-E71A79AED30E}"
EndProject
Global
	GlobalSection(SolutionConfigurationPlatforms) = preSolution
		Debug|Any CPU = Debug|Any CPU
		Release|Any CPU = Release|Any CPU
	EndGlobalSection
	GlobalSection(ProjectConfigurationPlatforms) = postSolution
		{ABA87F0D-8D29-48CC-8D51-E71A79AED30E}.Debug|Any CPU.ActiveCfg = Debug|Any CPU
		{ABA87F0D-8D29-48CC-8D51-E71A79AED30E}.Debug|Any CPU.Build.0 = Debug|Any CPU
		{ABA87F0D-8D29-48CC-8D51-E71A79AED30E}.Release|Any CPU.ActiveCfg = Release|Any CPU
		{ABA87F0D-8D29-48CC-8D51-E71A79AED30E}.Release|Any CPU.Build.0 = Release|Any CPU
	EndGlobalSection
	GlobalSection(SolutionProperties) = preSolution
		HideSolutionNode = FALSE
	EndGlobalSection
	GlobalSection(ExtensibilityGlobals) = postSolution
		SolutionGuid = {2E9253E2-1D7D-4D6E-A1AF-1B399D52EADA}
	EndGlobalSection
EndGlobal
